
Microsoft Visual Studio Solution File, Format Version 12.00
# Visual Studio Version 16
VisualStudioVersion = 16.0.31702.278
MinimumVisualStudioVersion = 10.0.40219.1
Project("{9A19103F-16F7-4668-BE54-9A1E7A4F7556}") = "CoreDemo", "CoreDemo\CoreDemo.csproj", "{C52EFFDC-F1CC-4546-9B22-2394F9F658DA}"
EndProject
Project("{9A19103F-16F7-4668-BE54-9A1E7A4F7556}") = "EntityLayer", "EntityLayer\EntityLayer.csproj", "{A0C70478-6BE3-4F7F-9B0C-94F943B3D561}"
EndProject
Project("{9A19103F-16F7-4668-BE54-9A1E7A4F7556}") = "DataAccessLayer", "DataAccessLayer\DataAccessLayer.csproj", "{BED22FB6-34AE-4FF9-8551-624EBD4AAF02}"
EndProject
Project("{9A19103F-16F7-4668-BE54-9A1E7A4F7556}") = "BusinessLayer", "BusinessLayer\BusinessLayer.csproj", "{EE553B1A-BF85-414E-9A30-2C92D0BCC912}"
EndProject
Project("{9A19103F-16F7-4668-BE54-9A1E7A4F7556}") = "CoreLayer", "CoreLayer\CoreLayer.csproj", "{792093B7-7D8E-4823-A0EC-815FE4870F25}"
EndProject
Project("{FAE04EC0-301F-11D3-BF4B-00C04F79EFBC}") = "BlogApiDemo", "BlogApiDemo\BlogApiDemo.csproj", "{B77265D9-5975-4E17-8CDF-27C09E2AA25B}"
EndProject
Global
	GlobalSection(SolutionConfigurationPlatforms) = preSolution
		Debug|Any CPU = Debug|Any CPU
		Release|Any CPU = Release|Any CPU
	EndGlobalSection
	GlobalSection(ProjectConfigurationPlatforms) = postSolution
		{C52EFFDC-F1CC-4546-9B22-2394F9F658DA}.Debug|Any CPU.ActiveCfg = Debug|Any CPU
		{C52EFFDC-F1CC-4546-9B22-2394F9F658DA}.Debug|Any CPU.Build.0 = Debug|Any CPU
		{C52EFFDC-F1CC-4546-9B22-2394F9F658DA}.Release|Any CPU.ActiveCfg = Release|Any CPU
		{C52EFFDC-F1CC-4546-9B22-2394F9F658DA}.Release|Any CPU.Build.0 = Release|Any CPU
		{A0C70478-6BE3-4F7F-9B0C-94F943B3D561}.Debug|Any CPU.ActiveCfg = Debug|Any CPU
		{A0C70478-6BE3-4F7F-9B0C-94F943B3D561}.Debug|Any CPU.Build.0 = Debug|Any CPU
		{A0C70478-6BE3-4F7F-9B0C-94F943B3D561}.Release|Any CPU.ActiveCfg = Release|Any CPU
		{A0C70478-6BE3-4F7F-9B0C-94F943B3D561}.Release|Any CPU.Build.0 = Release|Any CPU
		{BED22FB6-34AE-4FF9-8551-624EBD4AAF02}.Debug|Any CPU.ActiveCfg = Debug|Any CPU
		{BED22FB6-34AE-4FF9-8551-624EBD4AAF02}.Debug|Any CPU.Build.0 = Debug|Any CPU
		{BED22FB6-34AE-4FF9-8551-624EBD4AAF02}.Release|Any CPU.ActiveCfg = Release|Any CPU
		{BED22FB6-34AE-4FF9-8551-624EBD4AAF02}.Release|Any CPU.Build.0 = Release|Any CPU
		{EE553B1A-BF85-414E-9A30-2C92D0BCC912}.Debug|Any CPU.ActiveCfg = Debug|Any CPU
		{EE553B1A-BF85-414E-9A30-2C92D0BCC912}.Debug|Any CPU.Build.0 = Debug|Any CPU
		{EE553B1A-BF85-414E-9A30-2C92D0BCC912}.Release|Any CPU.ActiveCfg = Release|Any CPU
		{EE553B1A-BF85-414E-9A30-2C92D0BCC912}.Release|Any CPU.Build.0 = Release|Any CPU
		{792093B7-7D8E-4823-A0EC-815FE4870F25}.Debug|Any CPU.ActiveCfg = Debug|Any CPU
		{792093B7-7D8E-4823-A0EC-815FE4870F25}.Debug|Any CPU.Build.0 = Debug|Any CPU
		{792093B7-7D8E-4823-A0EC-815FE4870F25}.Release|Any CPU.ActiveCfg = Release|Any CPU
		{792093B7-7D8E-4823-A0EC-815FE4870F25}.Release|Any CPU.Build.0 = Release|Any CPU
		{B77265D9-5975-4E17-8CDF-27C09E2AA25B}.Debug|Any CPU.ActiveCfg = Debug|Any CPU
		{B77265D9-5975-4E17-8CDF-27C09E2AA25B}.Debug|Any CPU.Build.0 = Debug|Any CPU
		{B77265D9-5975-4E17-8CDF-27C09E2AA25B}.Release|Any CPU.ActiveCfg = Release|Any CPU
		{B77265D9-5975-4E17-8CDF-27C09E2AA25B}.Release|Any CPU.Build.0 = Release|Any CPU
	EndGlobalSection
	GlobalSection(SolutionProperties) = preSolution
		HideSolutionNode = FALSE
	EndGlobalSection
	GlobalSection(ExtensibilityGlobals) = postSolution
		SolutionGuid = {C9483894-8481-4E9E-AE4D-8B0BB2B38411}
	EndGlobalSection
EndGlobal
